Microsoft Visual Studio Solution File, Format Version 12.00
# Visual Studio Version 17
VisualStudioVersion = 17.11.35222.181
MinimumVisualStudioVersion = 10.0.40219.1
Project("{9A19103F-16F7-4668-BE54-9A1E7A4F7556}") = "AspireForChaihana.AppHost", "AspireForChaihana.AppHost\AspireForChaihana.AppHost.csproj", "{9CDA3832-9E68-4ED7-BF0B-8A543C2CB9B1}"
EndProject
Project("{9A19103F-16F7-4668-BE54-9A1E7A4F7556}") = "AspireForChaihana.ServiceDefaults", "AspireForChaihana.ServiceDefaults\AspireForChaihana.ServiceDefaults.csproj", "{256D46F1-0A7E-4000-8097-F062352E53D2}"
EndProject
Project("{9A19103F-16F7-4668-BE54-9A1E7A4F7556}") = "ChaihanaForEmplyee", "..\ChaihanaForEmplyee\ChaihanaForEmplyee.csproj", "{0D9B46C6-27B3-4A5B-8E8A-D2A904172EFE}"
EndProject
Project("{9A19103F-16F7-4668-BE54-9A1E7A4F7556}") = "WebApplication1", "..\ChaihanaForCustomers\WebApplication1.csproj", "{BE3FBB97-9A6D-4DE9-AD8A-B59E57BFE8F9}"
EndProject
Global
	GlobalSection(SolutionConfigurationPlatforms) = preSolution
		Debug|Any CPU = Debug|Any CPU
		Release|Any CPU = Release|Any CPU
	EndGlobalSection
	GlobalSection(ProjectConfigurationPlatforms) = postSolution
		{9CDA3832-9E68-4ED7-BF0B-8A543C2CB9B1}.Debug|Any CPU.ActiveCfg = Debug|Any CPU
		{9CDA3832-9E68-4ED7-BF0B-8A543C2CB9B1}.Debug|Any CPU.Build.0 = Debug|Any CPU
		{9CDA3832-9E68-4ED7-BF0B-8A543C2CB9B1}.Release|Any CPU.ActiveCfg = Release|Any CPU
		{9CDA3832-9E68-4ED7-BF0B-8A543C2CB9B1}.Release|Any CPU.Build.0 = Release|Any CPU
		{256D46F1-0A7E-4000-8097-F062352E53D2}.Debug|Any CPU.ActiveCfg = Debug|Any CPU
		{256D46F1-0A7E-4000-8097-F062352E53D2}.Debug|Any CPU.Build.0 = Debug|Any CPU
		{256D46F1-0A7E-4000-8097-F062352E53D2}.Release|Any CPU.ActiveCfg = Release|Any CPU
		{256D46F1-0A7E-4000-8097-F062352E53D2}.Release|Any CPU.Build.0 = Release|Any CPU
		{0D9B46C6-27B3-4A5B-8E8A-D2A904172EFE}.Debug|Any CPU.ActiveCfg = Debug|Any CPU
		{0D9B46C6-27B3-4A5B-8E8A-D2A904172EFE}.Debug|Any CPU.Build.0 = Debug|Any CPU
		{0D9B46C6-27B3-4A5B-8E8A-D2A904172EFE}.Release|Any CPU.ActiveCfg = Release|Any CPU
		{0D9B46C6-27B3-4A5B-8E8A-D2A904172EFE}.Release|Any CPU.Build.0 = Release|Any CPU
		{BE3FBB97-9A6D-4DE9-AD8A-B59E57BFE8F9}.Debug|Any CPU.ActiveCfg = Debug|Any CPU
		{BE3FBB97-9A6D-4DE9-AD8A-B59E57BFE8F9}.Debug|Any CPU.Build.0 = Debug|Any CPU
		{BE3FBB97-9A6D-4DE9-AD8A-B59E57BFE8F9}.Release|Any CPU.ActiveCfg = Release|Any CPU
		{BE3FBB97-9A6D-4DE9-AD8A-B59E57BFE8F9}.Release|Any CPU.Build.0 = Release|Any CPU
	EndGlobalSection
	GlobalSection(SolutionProperties) = preSolution
		HideSolutionNode = FALSE
	EndGlobalSection
	GlobalSection(ExtensibilityGlobals) = postSolution
		SolutionGuid = {DEF218C2-7012-4282-AA06-A5D8B506C331}
	EndGlobalSection
EndGlobal
